
Microsoft Visual Studio Solution File, Format Version 12.00
# Visual Studio Version 16
VisualStudioVersion = 16.0.28711.60
MinimumVisualStudioVersion = 10.0.40219.1
Project("{9A19103F-16F7-4668-BE54-9A1E7A4F7556}") = "Puppet.Executive", "Puppet.Executive\Puppet.Executive.csproj", "{8E5C5A21-59DA-4CD8-9913-F90A41FBD6C3}"
	ProjectSection(ProjectDependencies) = postProject
		{5006D4AE-3F37-4CB3-BAE6-E65E1E17EB8C} = {5006D4AE-3F37-4CB3-BAE6-E65E1E17EB8C}
	EndProjectSection
EndProject
Project("{9A19103F-16F7-4668-BE54-9A1E7A4F7556}") = "Puppet.Common", "Puppet.Common\Puppet.Common.csproj", "{0566D83E-694E-4DB1-930B-9DC118842457}"
EndProject
Project("{9A19103F-16F7-4668-BE54-9A1E7A4F7556}") = "Puppet.Automation", "Puppet.Automation\Puppet.Automation.csproj", "{5006D4AE-3F37-4CB3-BAE6-E65E1E17EB8C}"
EndProject
Project("{FAE04EC0-301F-11D3-BF4B-00C04F79EFBC}") = "Puppet.Api", "Puppet.Api\Puppet.Api.csproj", "{D5648997-838A-4903-8E04-707578EF7C96}"
EndProject
Global
	GlobalSection(SolutionConfigurationPlatforms) = preSolution
		Debug|Any CPU = Debug|Any CPU
		Release|Any CPU = Release|Any CPU
	EndGlobalSection
	GlobalSection(ProjectConfigurationPlatforms) = postSolution
		{8E5C5A21-59DA-4CD8-9913-F90A41FBD6C3}.Debug|Any CPU.ActiveCfg = Debug|Any CPU
		{8E5C5A21-59DA-4CD8-9913-F90A41FBD6C3}.Debug|Any CPU.Build.0 = Debug|Any CPU
		{8E5C5A21-59DA-4CD8-9913-F90A41FBD6C3}.Release|Any CPU.ActiveCfg = Release|Any CPU
		{8E5C5A21-59DA-4CD8-9913-F90A41FBD6C3}.Release|Any CPU.Build.0 = Release|Any CPU
		{0566D83E-694E-4DB1-930B-9DC118842457}.Debug|Any CPU.ActiveCfg = Debug|Any CPU
		{0566D83E-694E-4DB1-930B-9DC118842457}.Debug|Any CPU.Build.0 = Debug|Any CPU
		{0566D83E-694E-4DB1-930B-9DC118842457}.Release|Any CPU.ActiveCfg = Release|Any CPU
		{0566D83E-694E-4DB1-930B-9DC118842457}.Release|Any CPU.Build.0 = Release|Any CPU
		{5006D4AE-3F37-4CB3-BAE6-E65E1E17EB8C}.Debug|Any CPU.ActiveCfg = Debug|Any CPU
		{5006D4AE-3F37-4CB3-BAE6-E65E1E17EB8C}.Debug|Any CPU.Build.0 = Debug|Any CPU
		{5006D4AE-3F37-4CB3-BAE6-E65E1E17EB8C}.Release|Any CPU.ActiveCfg = Release|Any CPU
		{5006D4AE-3F37-4CB3-BAE6-E65E1E17EB8C}.Release|Any CPU.Build.0 = Release|Any CPU
		{D5648997-838A-4903-8E04-707578EF7C96}.Debug|Any CPU.ActiveCfg = Debug|Any CPU
		{D5648997-838A-4903-8E04-707578EF7C96}.Debug|Any CPU.Build.0 = Debug|Any CPU
		{D5648997-838A-4903-8E04-707578EF7C96}.Release|Any CPU.ActiveCfg = Release|Any CPU
		{D5648997-838A-4903-8E04-707578EF7C96}.Release|Any CPU.Build.0 = Release|Any CPU
	EndGlobalSection
	GlobalSection(SolutionProperties) = preSolution
		HideSolutionNode = FALSE
	EndGlobalSection
	GlobalSection(ExtensibilityGlobals) = postSolution
		SolutionGuid = {C8DA42D1-E5A6-414E-B088-1B87CA400D1B}
	EndGlobalSection
EndGlobal
